
Microsoft Visual Studio Solution File, Format Version 12.00
# Visual Studio Version 17
VisualStudioVersion = 17.14.36518.9 d17.14
MinimumVisualStudioVersion = 10.0.40219.1
Project("{FAE04EC0-301F-11D3-BF4B-00C04F79EFBC}") = "HolaMundoWinForms", "HolaMundoWinForms.csproj", "{F7F7DE56-EBFD-41C8-BA07-100027B1E469}"
EndProject
Global
	GlobalSection(SolutionConfigurationPlatforms) = preSolution
		Debug|Any CPU = Debug|Any CPU
		Release|Any CPU = Release|Any CPU
	EndGlobalSection
	GlobalSection(ProjectConfigurationPlatforms) = postSolution
		{F7F7DE56-EBFD-41C8-BA07-100027B1E469}.Debug|Any CPU.ActiveCfg = Debug|Any CPU
		{F7F7DE56-EBFD-41C8-BA07-100027B1E469}.Debug|Any CPU.Build.0 = Debug|Any CPU
		{F7F7DE56-EBFD-41C8-BA07-100027B1E469}.Release|Any CPU.ActiveCfg = Release|Any CPU
		{F7F7DE56-EBFD-41C8-BA07-100027B1E469}.Release|Any CPU.Build.0 = Release|Any CPU
	EndGlobalSection
	GlobalSection(SolutionProperties) = preSolution
		HideSolutionNode = FALSE
	EndGlobalSection
	GlobalSection(ExtensibilityGlobals) = postSolution
		SolutionGuid = {066C132D-84D3-4A12-BB9F-E6FA5907A3DA}
	EndGlobalSection
EndGlobal
